// !$*UTF8*$!
{
	archiveVersion = 1;
	classes = {
	};
	objectVersion = 56;
	objects = {

/* Begin PBXBuildFile section */
		380B4B0A29B096A9006608BF /* AppDelegate.swift in Sources */ = {isa = PBXBuildFile; fileRef = 380B4B0929B096A9006608BF /* AppDelegate.swift */; };
		380B4B1329B096AA006608BF /* Assets.xcassets in Resources */ = {isa = PBXBuildFile; fileRef = 380B4B1229B096AA006608BF /* Assets.xcassets */; };
		380B4B1629B096AA006608BF /* LaunchScreen.storyboard in Resources */ = {isa = PBXBuildFile; fileRef = 380B4B1429B096AA006608BF /* LaunchScreen.storyboard */; };
		380B4B2229B09864006608BF /* SplashViewController.swift in Sources */ = {isa = PBXBuildFile; fileRef = 380B4B2129B09864006608BF /* SplashViewController.swift */; };
		380B4B2529B09877006608BF /* Splash.storyboard in Resources */ = {isa = PBXBuildFile; fileRef = 380B4B2429B09877006608BF /* Splash.storyboard */; };
		380B4B2829B09954006608BF /* SplashView.swift in Sources */ = {isa = PBXBuildFile; fileRef = 380B4B2729B09954006608BF /* SplashView.swift */; };
		380B4B2A29B0995E006608BF /* SplashPresenter.swift in Sources */ = {isa = PBXBuildFile; fileRef = 380B4B2929B0995E006608BF /* SplashPresenter.swift */; };
		380B4B2C29B09A5E006608BF /* DataBaseHelper.swift in Sources */ = {isa = PBXBuildFile; fileRef = 380B4B2B29B09A5E006608BF /* DataBaseHelper.swift */; };
		380B4B2F29B09BA1006608BF /* LoginViewController.swift in Sources */ = {isa = PBXBuildFile; fileRef = 380B4B2E29B09BA1006608BF /* LoginViewController.swift */; };
		380B4B3229B09BBC006608BF /* LoginView.swift in Sources */ = {isa = PBXBuildFile; fileRef = 380B4B3129B09BBC006608BF /* LoginView.swift */; };
		380B4B3429B09BC7006608BF /* LoginPresenter.swift in Sources */ = {isa = PBXBuildFile; fileRef = 380B4B3329B09BC7006608BF /* LoginPresenter.swift */; };
		380B4B3629B09E0F006608BF /* Login.storyboard in Resources */ = {isa = PBXBuildFile; fileRef = 380B4B3529B09E0F006608BF /* Login.storyboard */; };
		380B4B3829B09EA3006608BF /* CustomLabel.swift in Sources */ = {isa = PBXBuildFile; fileRef = 380B4B3729B09EA3006608BF /* CustomLabel.swift */; };
		380B4B3C29B0A772006608BF /* API.swift in Sources */ = {isa = PBXBuildFile; fileRef = 380B4B3B29B0A772006608BF /* API.swift */; };
		380B4B4229B0A7F4006608BF /* Constans.swift in Sources */ = {isa = PBXBuildFile; fileRef = 380B4B4129B0A7F4006608BF /* Constans.swift */; };
		380B4B4529B0B7C8006608BF /* LoginRequestModel.swift in Sources */ = {isa = PBXBuildFile; fileRef = 380B4B4429B0B7C8006608BF /* LoginRequestModel.swift */; };
		380B4B4929B0B818006608BF /* BaseDelegate.swift in Sources */ = {isa = PBXBuildFile; fileRef = 380B4B4829B0B818006608BF /* BaseDelegate.swift */; };
		380B4B4B29B0B878006608BF /* BaseViewController.swift in Sources */ = {isa = PBXBuildFile; fileRef = 380B4B4A29B0B878006608BF /* BaseViewController.swift */; };
		382EC45829B0E58E00DC4486 /* ActivityIndicatorView.swift in Sources */ = {isa = PBXBuildFile; fileRef = 382EC45729B0E58E00DC4486 /* ActivityIndicatorView.swift */; };
		382EC45B29B0E72500DC4486 /* User.swift in Sources */ = {isa = PBXBuildFile; fileRef = 382EC45A29B0E72500DC4486 /* User.swift */; };
		382EC45D29B5F6AD00DC4486 /* ErrorResponse.swift in Sources */ = {isa = PBXBuildFile; fileRef = 382EC45C29B5F6AD00DC4486 /* ErrorResponse.swift */; };
		38D9A20629B7453600FA3F9C /* DefaultServerResponse.swift in Sources */ = {isa = PBXBuildFile; fileRef = 38D9A20529B7453600FA3F9C /* DefaultServerResponse.swift */; };
		38D9A20929B7489700FA3F9C /* Venue.storyboard in Resources */ = {isa = PBXBuildFile; fileRef = 38D9A20829B7489700FA3F9C /* Venue.storyboard */; };
		38D9A20B29B748AB00FA3F9C /* VenueListViewController.swift in Sources */ = {isa = PBXBuildFile; fileRef = 38D9A20A29B748AB00FA3F9C /* VenueListViewController.swift */; };
		38D9A20E29B748BA00FA3F9C /* VenueListView.swift in Sources */ = {isa = PBXBuildFile; fileRef = 38D9A20D29B748BA00FA3F9C /* VenueListView.swift */; };
		38D9A21029B748C100FA3F9C /* VenueListPresenter.swift in Sources */ = {isa = PBXBuildFile; fileRef = 38D9A20F29B748C100FA3F9C /* VenueListPresenter.swift */; };
		38D9A21329B74ABC00FA3F9C /* VenueListTableViewCell.swift in Sources */ = {isa = PBXBuildFile; fileRef = 38D9A21129B74ABC00FA3F9C /* VenueListTableViewCell.swift */; };
		38D9A21429B74ABC00FA3F9C /* VenueListTableViewCell.xib in Resources */ = {isa = PBXBuildFile; fileRef = 38D9A21229B74ABC00FA3F9C /* VenueListTableViewCell.xib */; };
		38D9A21829B74F0F00FA3F9C /* Venues.swift in Sources */ = {isa = PBXBuildFile; fileRef = 38D9A21729B74F0F00FA3F9C /* Venues.swift */; };
		38D9A21B29B74F6300FA3F9C /* VenueRequestModel.swift in Sources */ = {isa = PBXBuildFile; fileRef = 38D9A21A29B74F6300FA3F9C /* VenueRequestModel.swift */; };
		38D9A21D29B75F2E00FA3F9C /* DistanceHelper.swift in Sources */ = {isa = PBXBuildFile; fileRef = 38D9A21C29B75F2E00FA3F9C /* DistanceHelper.swift */; };
		38D9A21F29B761B200FA3F9C /* VenueDetailsViewController.swift in Sources */ = {isa = PBXBuildFile; fileRef = 38D9A21E29B761B200FA3F9C /* VenueDetailsViewController.swift */; };
		38D9A22229B761CB00FA3F9C /* VenueDetailsView.swift in Sources */ = {isa = PBXBuildFile; fileRef = 38D9A22129B761CB00FA3F9C /* VenueDetailsView.swift */; };
		38D9A22429B761D400FA3F9C /* VenueDetailsPresenter.swift in Sources */ = {isa = PBXBuildFile; fileRef = 38D9A22329B761D400FA3F9C /* VenueDetailsPresenter.swift */; };
		38D9A22729B779F800FA3F9C /* Kingfisher in Frameworks */ = {isa = PBXBuildFile; productRef = 38D9A22629B779F800FA3F9C /* Kingfisher */; };
/* End PBXBuildFile section */

/* Begin PBXFileReference section */
		380B4B0629B096A9006608BF /* MtestApp.app */ = {isa = PBXFileReference; explicitFileType = wrapper.application; includeInIndex = 0; path = MtestApp.app; sourceTree = BUILT_PRODUCTS_DIR; };
		380B4B0929B096A9006608BF /* AppDelegate.swift */ = {isa = PBXFileReference; lastKnownFileType = sourcecode.swift; path = AppDelegate.swift; sourceTree = "<group>"; };
		380B4B1229B096AA006608BF /* Assets.xcassets */ = {isa = PBXFileReference; lastKnownFileType = folder.assetcatalog; path = Assets.xcassets; sourceTree = "<group>"; };
		380B4B1529B096AA006608BF /* Base */ = {isa = PBXFileReference; lastKnownFileType = file.storyboard; name = Base; path = Base.lproj/LaunchScreen.storyboard; sourceTree = "<group>"; };
		380B4B1729B096AA006608BF /* Info.plist */ = {isa = PBXFileReference; lastKnownFileType = text.plist.xml; path = Info.plist; sourceTree = "<group>"; };
		380B4B2129B09864006608BF /* SplashViewController.swift */ = {isa = PBXFileReference; lastKnownFileType = sourcecode.swift; path = SplashViewController.swift; sourceTree = "<group>"; };
		380B4B2429B09877006608BF /* Splash.storyboard */ = {isa = PBXFileReference; lastKnownFileType = file.storyboard; path = Splash.storyboard; sourceTree = "<group>"; };
		380B4B2729B09954006608BF /* SplashView.swift */ = {isa = PBXFileReference; lastKnownFileType = sourcecode.swift; path = SplashView.swift; sourceTree = "<group>"; };
		380B4B2929B0995E006608BF /* SplashPresenter.swift */ = {isa = PBXFileReference; lastKnownFileType = sourcecode.swift; path = SplashPresenter.swift; sourceTree = "<group>"; };
		380B4B2B29B09A5E006608BF /* DataBaseHelper.swift */ = {isa = PBXFileReference; lastKnownFileType = sourcecode.swift; path = DataBaseHelper.swift; sourceTree = "<group>"; };
		380B4B2E29B09BA1006608BF /* LoginViewController.swift */ = {isa = PBXFileReference; lastKnownFileType = sourcecode.swift; path = LoginViewController.swift; sourceTree = "<group>"; };
		380B4B3129B09BBC006608BF /* LoginView.swift */ = {isa = PBXFileReference; lastKnownFileType = sourcecode.swift; path = LoginView.swift; sourceTree = "<group>"; };
		380B4B3329B09BC7006608BF /* LoginPresenter.swift */ = {isa = PBXFileReference; lastKnownFileType = sourcecode.swift; path = LoginPresenter.swift; sourceTree = "<group>"; };
		380B4B3529B09E0F006608BF /* Login.storyboard */ = {isa = PBXFileReference; lastKnownFileType = file.storyboard; path = Login.storyboard; sourceTree = "<group>"; };
		380B4B3729B09EA3006608BF /* CustomLabel.swift */ = {isa = PBXFileReference; lastKnownFileType = sourcecode.swift; path = CustomLabel.swift; sourceTree = "<group>"; };
		380B4B3B29B0A772006608BF /* API.swift */ = {isa = PBXFileReference; lastKnownFileType = sourcecode.swift; path = API.swift; sourceTree = "<group>"; };
		380B4B4129B0A7F4006608BF /* Constans.swift */ = {isa = PBXFileReference; lastKnownFileType = sourcecode.swift; path = Constans.swift; sourceTree = "<group>"; };
		380B4B4429B0B7C8006608BF /* LoginRequestModel.swift */ = {isa = PBXFileReference; lastKnownFileType = sourcecode.swift; path = LoginRequestModel.swift; sourceTree = "<group>"; };
		380B4B4829B0B818006608BF /* BaseDelegate.swift */ = {isa = PBXFileReference; lastKnownFileType = sourcecode.swift; path = BaseDelegate.swift; sourceTree = "<group>"; };
		380B4B4A29B0B878006608BF /* BaseViewController.swift */ = {isa = PBXFileReference; lastKnownFileType = sourcecode.swift; path = BaseViewController.swift; sourceTree = "<group>"; };
		382EC45729B0E58E00DC4486 /* ActivityIndicatorView.swift */ = {isa = PBXFileReference; lastKnownFileType = sourcecode.swift; path = ActivityIndicatorView.swift; sourceTree = "<group>"; };
		382EC45A29B0E72500DC4486 /* User.swift */ = {isa = PBXFileReference; lastKnownFileType = sourcecode.swift; path = User.swift; sourceTree = "<group>"; };
		382EC45C29B5F6AD00DC4486 /* ErrorResponse.swift */ = {isa = PBXFileReference; lastKnownFileType = sourcecode.swift; path = ErrorResponse.swift; sourceTree = "<group>"; };
		38D9A20529B7453600FA3F9C /* DefaultServerResponse.swift */ = {isa = PBXFileReference; lastKnownFileType = sourcecode.swift; path = DefaultServerResponse.swift; sourceTree = "<group>"; };
		38D9A20829B7489700FA3F9C /* Venue.storyboard */ = {isa = PBXFileReference; lastKnownFileType = file.storyboard; path = Venue.storyboard; sourceTree = "<group>"; };
		38D9A20A29B748AB00FA3F9C /* VenueListViewController.swift */ = {isa = PBXFileReference; lastKnownFileType = sourcecode.swift; path = VenueListViewController.swift; sourceTree = "<group>"; };
		38D9A20D29B748BA00FA3F9C /* VenueListView.swift */ = {isa = PBXFileReference; lastKnownFileType = sourcecode.swift; path = VenueListView.swift; sourceTree = "<group>"; };
		38D9A20F29B748C100FA3F9C /* VenueListPresenter.swift */ = {isa = PBXFileReference; lastKnownFileType = sourcecode.swift; path = VenueListPresenter.swift; sourceTree = "<group>"; };
		38D9A21129B74ABC00FA3F9C /* VenueListTableViewCell.swift */ = {isa = PBXFileReference; lastKnownFileType = sourcecode.swift; path = VenueListTableViewCell.swift; sourceTree = "<group>"; };
		38D9A21229B74ABC00FA3F9C /* VenueListTableViewCell.xib */ = {isa = PBXFileReference; lastKnownFileType = file.xib; path = VenueListTableViewCell.xib; sourceTree = "<group>"; };
		38D9A21729B74F0F00FA3F9C /* Venues.swift */ = {isa = PBXFileReference; lastKnownFileType = sourcecode.swift; path = Venues.swift; sourceTree = "<group>"; };
		38D9A21A29B74F6300FA3F9C /* VenueRequestModel.swift */ = {isa = PBXFileReference; lastKnownFileType = sourcecode.swift; path = VenueRequestModel.swift; sourceTree = "<group>"; };
		38D9A21C29B75F2E00FA3F9C /* DistanceHelper.swift */ = {isa = PBXFileReference; lastKnownFileType = sourcecode.swift; path = DistanceHelper.swift; sourceTree = "<group>"; };
		38D9A21E29B761B200FA3F9C /* VenueDetailsViewController.swift */ = {isa = PBXFileReference; lastKnownFileType = sourcecode.swift; path = VenueDetailsViewController.swift; sourceTree = "<group>"; };
		38D9A22129B761CB00FA3F9C /* VenueDetailsView.swift */ = {isa = PBXFileReference; lastKnownFileType = sourcecode.swift; path = VenueDetailsView.swift; sourceTree = "<group>"; };
		38D9A22329B761D400FA3F9C /* VenueDetailsPresenter.swift */ = {isa = PBXFileReference; lastKnownFileType = sourcecode.swift; path = VenueDetailsPresenter.swift; sourceTree = "<group>"; };
/* End PBXFileReference section */

/* Begin PBXFrameworksBuildPhase section */
		380B4B0329B096A9006608BF /* Frameworks */ = {
			isa = PBXFrameworksBuildPhase;
			buildActionMask = 2147483647;
			files = (
				38D9A22729B779F800FA3F9C /* Kingfisher in Frameworks */,
			);
			runOnlyForDeploymentPostprocessing = 0;
		};
/* End PBXFrameworksBuildPhase section */

/* Begin PBXGroup section */
		380B4AFD29B096A9006608BF = {
			isa = PBXGroup;
			children = (
				380B4B0829B096A9006608BF /* MtestApp */,
				380B4B0729B096A9006608BF /* Products */,
			);
			sourceTree = "<group>";
		};
		380B4B0729B096A9006608BF /* Products */ = {
			isa = PBXGroup;
			children = (
				380B4B0629B096A9006608BF /* MtestApp.app */,
			);
			name = Products;
			sourceTree = "<group>";
		};
		380B4B0829B096A9006608BF /* MtestApp */ = {
			isa = PBXGroup;
			children = (
				380B4B1D29B09750006608BF /* AppDelegate */,
				380B4B1F29B09765006608BF /* Misc */,
				380B4B2029B0976D006608BF /* Assets */,
				380B4B3D29B0A778006608BF /* API */,
				380B4B4629B0B7D7006608BF /* Models */,
				380B4B4329B0A7F9006608BF /* Config */,
				380B4B2D29B09A6A006608BF /* Helpers */,
				380B4B1E29B09759006608BF /* Storyboards */,
				380B4B3929B09EA9006608BF /* CustomViews */,
				380B4B2329B09868006608BF /* MVP */,
			);
			path = MtestApp;
			sourceTree = "<group>";
		};
		380B4B1D29B09750006608BF /* AppDelegate */ = {
			isa = PBXGroup;
			children = (
				380B4B0929B096A9006608BF /* AppDelegate.swift */,
			);
			path = AppDelegate;
			sourceTree = "<group>";
		};
		380B4B1E29B09759006608BF /* Storyboards */ = {
			isa = PBXGroup;
			children = (
				380B4B1429B096AA006608BF /* LaunchScreen.storyboard */,
				380B4B2429B09877006608BF /* Splash.storyboard */,
				380B4B3529B09E0F006608BF /* Login.storyboard */,
				38D9A20829B7489700FA3F9C /* Venue.storyboard */,
			);
			path = Storyboards;
			sourceTree = "<group>";
		};
		380B4B1F29B09765006608BF /* Misc */ = {
			isa = PBXGroup;
			children = (
				380B4B1729B096AA006608BF /* Info.plist */,
			);
			path = Misc;
			sourceTree = "<group>";
		};
		380B4B2029B0976D006608BF /* Assets */ = {
			isa = PBXGroup;
			children = (
				380B4B1229B096AA006608BF /* Assets.xcassets */,
			);
			path = Assets;
			sourceTree = "<group>";
		};
		380B4B2329B09868006608BF /* MVP */ = {
			isa = PBXGroup;
			children = (
				380B4B2629B09947006608BF /* SplashMVP */,
				380B4B3029B09BA4006608BF /* LoginMVP */,
				38D9A20C29B748AE00FA3F9C /* VenueListMVP */,
				38D9A22029B761B400FA3F9C /* VenueDetailMVP */,
			);
			path = MVP;
			sourceTree = "<group>";
		};
		380B4B2629B09947006608BF /* SplashMVP */ = {
			isa = PBXGroup;
			children = (
				380B4B2129B09864006608BF /* SplashViewController.swift */,
				380B4B2729B09954006608BF /* SplashView.swift */,
				380B4B2929B0995E006608BF /* SplashPresenter.swift */,
			);
			path = SplashMVP;
			sourceTree = "<group>";
		};
		380B4B2D29B09A6A006608BF /* Helpers */ = {
			isa = PBXGroup;
			children = (
				380B4B2B29B09A5E006608BF /* DataBaseHelper.swift */,
				38D9A21C29B75F2E00FA3F9C /* DistanceHelper.swift */,
			);
			path = Helpers;
			sourceTree = "<group>";
		};
		380B4B3029B09BA4006608BF /* LoginMVP */ = {
			isa = PBXGroup;
			children = (
				380B4B2E29B09BA1006608BF /* LoginViewController.swift */,
				380B4B3129B09BBC006608BF /* LoginView.swift */,
				380B4B3329B09BC7006608BF /* LoginPresenter.swift */,
			);
			path = LoginMVP;
			sourceTree = "<group>";
		};
		380B4B3929B09EA9006608BF /* CustomViews */ = {
			isa = PBXGroup;
			children = (
				380B4B3A29B09EB0006608BF /* Label */,
				382EC45929B0E71B00DC4486 /* Views */,
				38D9A21529B74AC000FA3F9C /* Cells */,
			);
			path = CustomViews;
			sourceTree = "<group>";
		};
		380B4B3A29B09EB0006608BF /* Label */ = {
			isa = PBXGroup;
			children = (
				380B4B3729B09EA3006608BF /* CustomLabel.swift */,
			);
			path = Label;
			sourceTree = "<group>";
		};
		380B4B3D29B0A778006608BF /* API */ = {
			isa = PBXGroup;
			children = (
				380B4B3B29B0A772006608BF /* API.swift */,
			);
			path = API;
			sourceTree = "<group>";
		};
		380B4B4329B0A7F9006608BF /* Config */ = {
			isa = PBXGroup;
			children = (
				380B4B4129B0A7F4006608BF /* Constans.swift */,
				380B4B4829B0B818006608BF /* BaseDelegate.swift */,
				380B4B4A29B0B878006608BF /* BaseViewController.swift */,
			);
			path = Config;
			sourceTree = "<group>";
		};
		380B4B4629B0B7D7006608BF /* Models */ = {
			isa = PBXGroup;
			children = (
				38D9A20729B7454200FA3F9C /* Base */,
				382EC45E29B5F6B600DC4486 /* Error */,
				380B4B4729B0B7DD006608BF /* Login */,
				38D9A21929B74F2F00FA3F9C /* Venues */,
			);
			path = Models;
			sourceTree = "<group>";
		};
		380B4B4729B0B7DD006608BF /* Login */ = {
			isa = PBXGroup;
			children = (
				380B4B4429B0B7C8006608BF /* LoginRequestModel.swift */,
				382EC45A29B0E72500DC4486 /* User.swift */,
			);
			path = Login;
			sourceTree = "<group>";
		};
		382EC45929B0E71B00DC4486 /* Views */ = {
			isa = PBXGroup;
			children = (
				382EC45729B0E58E00DC4486 /* ActivityIndicatorView.swift */,
			);
			path = Views;
			sourceTree = "<group>";
		};
		382EC45E29B5F6B600DC4486 /* Error */ = {
			isa = PBXGroup;
			children = (
				382EC45C29B5F6AD00DC4486 /* ErrorResponse.swift */,
			);
			path = Error;
			sourceTree = "<group>";
		};
		38D9A20729B7454200FA3F9C /* Base */ = {
			isa = PBXGroup;
			children = (
				38D9A20529B7453600FA3F9C /* DefaultServerResponse.swift */,
			);
			path = Base;
			sourceTree = "<group>";
		};
		38D9A20C29B748AE00FA3F9C /* VenueListMVP */ = {
			isa = PBXGroup;
			children = (
				38D9A20A29B748AB00FA3F9C /* VenueListViewController.swift */,
				38D9A20D29B748BA00FA3F9C /* VenueListView.swift */,
				38D9A20F29B748C100FA3F9C /* VenueListPresenter.swift */,
			);
			path = VenueListMVP;
			sourceTree = "<group>";
		};
		38D9A21529B74AC000FA3F9C /* Cells */ = {
			isa = PBXGroup;
			children = (
				38D9A21629B74AC500FA3F9C /* VenueListTableViewCell */,
			);
			path = Cells;
			sourceTree = "<group>";
		};
		38D9A21629B74AC500FA3F9C /* VenueListTableViewCell */ = {
			isa = PBXGroup;
			children = (
				38D9A21129B74ABC00FA3F9C /* VenueListTableViewCell.swift */,
				38D9A21229B74ABC00FA3F9C /* VenueListTableViewCell.xib */,
			);
			path = VenueListTableViewCell;
			sourceTree = "<group>";
		};
		38D9A21929B74F2F00FA3F9C /* Venues */ = {
			isa = PBXGroup;
			children = (
				38D9A21A29B74F6300FA3F9C /* VenueRequestModel.swift */,
				38D9A21729B74F0F00FA3F9C /* Venues.swift */,
			);
			path = Venues;
			sourceTree = "<group>";
		};
		38D9A22029B761B400FA3F9C /* VenueDetailMVP */ = {
			isa = PBXGroup;
			children = (
				38D9A21E29B761B200FA3F9C /* VenueDetailsViewController.swift */,
				38D9A22129B761CB00FA3F9C /* VenueDetailsView.swift */,
				38D9A22329B761D400FA3F9C /* VenueDetailsPresenter.swift */,
			);
			path = VenueDetailMVP;
			sourceTree = "<group>";
		};
/* End PBXGroup section */

/* Begin PBXNativeTarget section */
		380B4B0529B096A9006608BF /* MtestApp */ = {
			isa = PBXNativeTarget;
			buildConfigurationList = 380B4B1A29B096AA006608BF /* Build configuration list for PBXNativeTarget "MtestApp" */;
			buildPhases = (
				380B4B0229B096A9006608BF /* Sources */,
				380B4B0329B096A9006608BF /* Frameworks */,
				380B4B0429B096A9006608BF /* Resources */,
			);
			buildRules = (
			);
			dependencies = (
			);
			name = MtestApp;
			packageProductDependencies = (
				38D9A22629B779F800FA3F9C /* Kingfisher */,
			);
			productName = MtestApp;
			productReference = 380B4B0629B096A9006608BF /* MtestApp.app */;
			productType = "com.apple.product-type.application";
		};
/* End PBXNativeTarget section */

/* Begin PBXProject section */
		380B4AFE29B096A9006608BF /* Project object */ = {
			isa = PBXProject;
			attributes = {
				BuildIndependentTargetsInParallel = 1;
				LastSwiftUpdateCheck = 1420;
				LastUpgradeCheck = 1420;
				TargetAttributes = {
					380B4B0529B096A9006608BF = {
						CreatedOnToolsVersion = 14.2;
					};
				};
			};
			buildConfigurationList = 380B4B0129B096A9006608BF /* Build configuration list for PBXProject "MtestApp" */;
			compatibilityVersion = "Xcode 14.0";
			developmentRegion = en;
			hasScannedForEncodings = 0;
			knownRegions = (
				en,
				Base,
			);
			mainGroup = 380B4AFD29B096A9006608BF;
			packageReferences = (
				38D9A22529B779F800FA3F9C /* XCRemoteSwiftPackageReference "Kingfisher" */,
			);
			productRefGroup = 380B4B0729B096A9006608BF /* Products */;
			projectDirPath = "";
			projectRoot = "";
			targets = (
				380B4B0529B096A9006608BF /* MtestApp */,
			);
		};
/* End PBXProject section */

/* Begin PBXResourcesBuildPhase section */
		380B4B0429B096A9006608BF /* Resources */ = {
			isa = PBXResourcesBuildPhase;
			buildActionMask = 2147483647;
			files = (
				38D9A20929B7489700FA3F9C /* Venue.storyboard in Resources */,
				380B4B3629B09E0F006608BF /* Login.storyboard in Resources */,
				380B4B1629B096AA006608BF /* LaunchScreen.storyboard in Resources */,
				380B4B1329B096AA006608BF /* Assets.xcassets in Resources */,
				380B4B2529B09877006608BF /* Splash.storyboard in Resources */,
				38D9A21429B74ABC00FA3F9C /* VenueListTableViewCell.xib in Resources */,
			);
			runOnlyForDeploymentPostprocessing = 0;
		};
/* End PBXResourcesBuildPhase section */

/* Begin PBXSourcesBuildPhase section */
		380B4B0229B096A9006608BF /* Sources */ = {
			isa = PBXSourcesBuildPhase;
			buildActionMask = 2147483647;
			files = (
				380B4B3429B09BC7006608BF /* LoginPresenter.swift in Sources */,
				380B4B3829B09EA3006608BF /* CustomLabel.swift in Sources */,
				380B4B4929B0B818006608BF /* BaseDelegate.swift in Sources */,
				38D9A22229B761CB00FA3F9C /* VenueDetailsView.swift in Sources */,
				380B4B4229B0A7F4006608BF /* Constans.swift in Sources */,
				382EC45B29B0E72500DC4486 /* User.swift in Sources */,
				38D9A21829B74F0F00FA3F9C /* Venues.swift in Sources */,
				38D9A21329B74ABC00FA3F9C /* VenueListTableViewCell.swift in Sources */,
				380B4B2F29B09BA1006608BF /* LoginViewController.swift in Sources */,
				380B4B4B29B0B878006608BF /* BaseViewController.swift in Sources */,
				382EC45D29B5F6AD00DC4486 /* ErrorResponse.swift in Sources */,
				38D9A20E29B748BA00FA3F9C /* VenueListView.swift in Sources */,
				382EC45829B0E58E00DC4486 /* ActivityIndicatorView.swift in Sources */,
				38D9A20629B7453600FA3F9C /* DefaultServerResponse.swift in Sources */,
				380B4B3229B09BBC006608BF /* LoginView.swift in Sources */,
				38D9A21F29B761B200FA3F9C /* VenueDetailsViewController.swift in Sources */,
				380B4B2229B09864006608BF /* SplashViewController.swift in Sources */,
				38D9A21B29B74F6300FA3F9C /* VenueRequestModel.swift in Sources */,
				380B4B0A29B096A9006608BF /* AppDelegate.swift in Sources */,
				380B4B2829B09954006608BF /* SplashView.swift in Sources */,
				38D9A21D29B75F2E00FA3F9C /* DistanceHelper.swift in Sources */,
				380B4B2A29B0995E006608BF /* SplashPresenter.swift in Sources */,
				380B4B4529B0B7C8006608BF /* LoginRequestModel.swift in Sources */,
				38D9A22429B761D400FA3F9C /* VenueDetailsPresenter.swift in Sources */,
				380B4B2C29B09A5E006608BF /* DataBaseHelper.swift in Sources */,
				380B4B3C29B0A772006608BF /* API.swift in Sources */,
				38D9A20B29B748AB00FA3F9C /* VenueListViewController.swift in Sources */,
				38D9A21029B748C100FA3F9C /* VenueListPresenter.swift in Sources */,
			);
			runOnlyForDeploymentPostprocessing = 0;
		};
/* End PBXSourcesBuildPhase section */

/* Begin PBXVariantGroup section */
		380B4B1429B096AA006608BF /* LaunchScreen.storyboard */ = {
			isa = PBXVariantGroup;
			children = (
				380B4B1529B096AA006608BF /* Base */,
			);
			name = LaunchScreen.storyboard;
			sourceTree = "<group>";
		};
/* End PBXVariantGroup section */

/* Begin XCBuildConfiguration section */
		380B4B1829B096AA006608BF /* Debug */ = {
			isa = XCBuildConfiguration;
			buildSettings = {
				ALWAYS_SEARCH_USER_PATHS = NO;
				CLANG_ANALYZER_NONNULL = YES;
				CLANG_ANALYZER_NUMBER_OBJECT_CONVERSION = YES_AGGRESSIVE;
				CLANG_CXX_LANGUAGE_STANDARD = "gnu++20";
				CLANG_ENABLE_MODULES = YES;
				CLANG_ENABLE_OBJC_ARC = YES;
				CLANG_ENABLE_OBJC_WEAK = YES;
				CLANG_WARN_BLOCK_CAPTURE_AUTORELEASING = YES;
				CLANG_WARN_BOOL_CONVERSION = YES;
				CLANG_WARN_COMMA = YES;
				CLANG_WARN_CONSTANT_CONVERSION = YES;
				CLANG_WARN_DEPRECATED_OBJC_IMPLEMENTATIONS = YES;
				CLANG_WARN_DIRECT_OBJC_ISA_USAGE = YES_ERROR;
				CLANG_WARN_DOCUMENTATION_COMMENTS = YES;
				CLANG_WARN_EMPTY_BODY = YES;
				CLANG_WARN_ENUM_CONVERSION = YES;
				CLANG_WARN_INFINITE_RECURSION = YES;
				CLANG_WARN_INT_CONVERSION = YES;
				CLANG_WARN_NON_LITERAL_NULL_CONVERSION = YES;
				CLANG_WARN_OBJC_IMPLICIT_RETAIN_SELF = YES;
				CLANG_WARN_OBJC_LITERAL_CONVERSION = YES;
				CLANG_WARN_OBJC_ROOT_CLASS = YES_ERROR;
				CLANG_WARN_QUOTED_INCLUDE_IN_FRAMEWORK_HEADER = YES;
				CLANG_WARN_RANGE_LOOP_ANALYSIS = YES;
				CLANG_WARN_STRICT_PROTOTYPES = YES;
				CLANG_WARN_SUSPICIOUS_MOVE = YES;
				CLANG_WARN_UNGUARDED_AVAILABILITY = YES_AGGRESSIVE;
				CLANG_WARN_UNREACHABLE_CODE = YES;
				CLANG_WARN__DUPLICATE_METHOD_MATCH = YES;
				COPY_PHASE_STRIP = NO;
				DEBUG_INFORMATION_FORMAT = dwarf;
				ENABLE_STRICT_OBJC_MSGSEND = YES;
				ENABLE_TESTABILITY = YES;
				GCC_C_LANGUAGE_STANDARD = gnu11;
				GCC_DYNAMIC_NO_PIC = NO;
				GCC_NO_COMMON_BLOCKS = YES;
				GCC_OPTIMIZATION_LEVEL = 0;
				GCC_PREPROCESSOR_DEFINITIONS = (
					"DEBUG=1",
					"$(inherited)",
				);
				GCC_WARN_64_TO_32_BIT_CONVERSION = YES;
				GCC_WARN_ABOUT_RETURN_TYPE = YES_ERROR;
				GCC_WARN_UNDECLARED_SELECTOR = YES;
				GCC_WARN_UNINITIALIZED_AUTOS = YES_AGGRESSIVE;
				GCC_WARN_UNUSED_FUNCTION = YES;
				GCC_WARN_UNUSED_VARIABLE = YES;
				IPHONEOS_DEPLOYMENT_TARGET = 16.2;
				MTL_ENABLE_DEBUG_INFO = INCLUDE_SOURCE;
				MTL_FAST_MATH = YES;
				ONLY_ACTIVE_ARCH = YES;
				SDKROOT = iphoneos;
				SWIFT_ACTIVE_COMPILATION_CONDITIONS = DEBUG;
				SWIFT_OPTIMIZATION_LEVEL = "-Onone";
			};
			name = Debug;
		};
		380B4B1929B096AA006608BF /* Release */ = {
			isa = XCBuildConfiguration;
			buildSettings = {
				ALWAYS_SEARCH_USER_PATHS = NO;
				CLANG_ANALYZER_NONNULL = YES;
				CLANG_ANALYZER_NUMBER_OBJECT_CONVERSION = YES_AGGRESSIVE;
				CLANG_CXX_LANGUAGE_STANDARD = "gnu++20";
				CLANG_ENABLE_MODULES = YES;
				CLANG_ENABLE_OBJC_ARC = YES;
				CLANG_ENABLE_OBJC_WEAK = YES;
				CLANG_WARN_BLOCK_CAPTURE_AUTORELEASING = YES;
				CLANG_WARN_BOOL_CONVERSION = YES;
				CLANG_WARN_COMMA = YES;
				CLANG_WARN_CONSTANT_CONVERSION = YES;
				CLANG_WARN_DEPRECATED_OBJC_IMPLEMENTATIONS = YES;
				CLANG_WARN_DIRECT_OBJC_ISA_USAGE = YES_ERROR;
				CLANG_WARN_DOCUMENTATION_COMMENTS = YES;
				CLANG_WARN_EMPTY_BODY = YES;
				CLANG_WARN_ENUM_CONVERSION = YES;
				CLANG_WARN_INFINITE_RECURSION = YES;
				CLANG_WARN_INT_CONVERSION = YES;
				CLANG_WARN_NON_LITERAL_NULL_CONVERSION = YES;
				CLANG_WARN_OBJC_IMPLICIT_RETAIN_SELF = YES;
				CLANG_WARN_OBJC_LITERAL_CONVERSION = YES;
				CLANG_WARN_OBJC_ROOT_CLASS = YES_ERROR;
				CLANG_WARN_QUOTED_INCLUDE_IN_FRAMEWORK_HEADER = YES;
				CLANG_WARN_RANGE_LOOP_ANALYSIS = YES;
				CLANG_WARN_STRICT_PROTOTYPES = YES;
				CLANG_WARN_SUSPICIOUS_MOVE = YES;
				CLANG_WARN_UNGUARDED_AVAILABILITY = YES_AGGRESSIVE;
				CLANG_WARN_UNREACHABLE_CODE = YES;
				CLANG_WARN__DUPLICATE_METHOD_MATCH = YES;
				COPY_PHASE_STRIP = NO;
				DEBUG_INFORMATION_FORMAT = "dwarf-with-dsym";
				ENABLE_NS_ASSERTIONS = NO;
				ENABLE_STRICT_OBJC_MSGSEND = YES;
				GCC_C_LANGUAGE_STANDARD = gnu11;
				GCC_NO_COMMON_BLOCKS = YES;
				GCC_WARN_64_TO_32_BIT_CONVERSION = YES;
				GCC_WARN_ABOUT_RETURN_TYPE = YES_ERROR;
				GCC_WARN_UNDECLARED_SELECTOR = YES;
				GCC_WARN_UNINITIALIZED_AUTOS = YES_AGGRESSIVE;
				GCC_WARN_UNUSED_FUNCTION = YES;
				GCC_WARN_UNUSED_VARIABLE = YES;
				IPHONEOS_DEPLOYMENT_TARGET = 16.2;
				MTL_ENABLE_DEBUG_INFO = NO;
				MTL_FAST_MATH = YES;
				SDKROOT = iphoneos;
				SWIFT_COMPILATION_MODE = wholemodule;
				SWIFT_OPTIMIZATION_LEVEL = "-O";
				VALIDATE_PRODUCT = YES;
			};
			name = Release;
		};
		380B4B1B29B096AA006608BF /* Debug */ = {
			isa = XCBuildConfiguration;
			buildSettings = {
				ASSETCATALOG_COMPILER_APPICON_NAME = AppIcon;
				ASSETCATALOG_COMPILER_GLOBAL_ACCENT_COLOR_NAME = AccentColor;
				CODE_SIGN_IDENTITY = "Apple Development";
				CODE_SIGN_STYLE = Automatic;
				CURRENT_PROJECT_VERSION = 1;
				DEVELOPMENT_TEAM = QC44D63L54;
				GENERATE_INFOPLIST_FILE = YES;
				INFOPLIST_FILE = MtestApp/Misc/Info.plist;
				INFOPLIST_KEY_UIApplicationSupportsIndirectInputEvents = YES;
				INFOPLIST_KEY_UILaunchStoryboardName = LaunchScreen;
				INFOPLIST_KEY_UIMainStoryboardFile = "";
				INFOPLIST_KEY_UISupportedInterfaceOrientations = UIInterfaceOrientationPortrait;
				LD_RUNPATH_SEARCH_PATHS = (
					"$(inherited)",
					"@executable_path/Frameworks",
				);
				MARKETING_VERSION = 1.0;
				PRODUCT_BUNDLE_IDENTIFIER = com.lazar.MtestApp1;
				PRODUCT_NAME = "$(TARGET_NAME)";
				PROVISIONING_PROFILE_SPECIFIER = "";
				SWIFT_EMIT_LOC_STRINGS = YES;
				SWIFT_VERSION = 5.0;
				TARGETED_DEVICE_FAMILY = "1,2";
			};
			name = Debug;
		};
		380B4B1C29B096AA006608BF /* Release */ = {
			isa = XCBuildConfiguration;
			buildSettings = {
				ASSETCATALOG_COMPILER_APPICON_NAME = AppIcon;
				ASSETCATALOG_COMPILER_GLOBAL_ACCENT_COLOR_NAME = AccentColor;
				CODE_SIGN_IDENTITY = "Apple Development";
				CODE_SIGN_STYLE = Automatic;
				CURRENT_PROJECT_VERSION = 1;
				DEVELOPMENT_TEAM = QC44D63L54;
				GENERATE_INFOPLIST_FILE = YES;
				INFOPLIST_FILE = MtestApp/Misc/Info.plist;
				INFOPLIST_KEY_UIApplicationSupportsIndirectInputEvents = YES;
				INFOPLIST_KEY_UILaunchStoryboardName = LaunchScreen;
				INFOPLIST_KEY_UIMainStoryboardFile = "";
				INFOPLIST_KEY_UISupportedInterfaceOrientations = UIInterfaceOrientationPortrait;
				LD_RUNPATH_SEARCH_PATHS = (
					"$(inherited)",
					"@executable_path/Frameworks",
				);
				MARKETING_VERSION = 1.0;
				PRODUCT_BUNDLE_IDENTIFIER = com.lazar.MtestApp1;
				PRODUCT_NAME = "$(TARGET_NAME)";
				PROVISIONING_PROFILE_SPECIFIER = "";
				SWIFT_EMIT_LOC_STRINGS = YES;
				SWIFT_VERSION = 5.0;
				TARGETED_DEVICE_FAMILY = "1,2";
			};
			name = Release;
		};
/* End XCBuildConfiguration section */

/* Begin XCConfigurationList section */
		380B4B0129B096A9006608BF /* Build configuration list for PBXProject "MtestApp" */ = {
			isa = XCConfigurationList;
			buildConfigurations = (
				380B4B1829B096AA006608BF /* Debug */,
				380B4B1929B096AA006608BF /* Release */,
			);
			defaultConfigurationIsVisible = 0;
			defaultConfigurationName = Release;
		};
		380B4B1A29B096AA006608BF /* Build configuration list for PBXNativeTarget "MtestApp" */ = {
			isa = XCConfigurationList;
			buildConfigurations = (
				380B4B1B29B096AA006608BF /* Debug */,
				380B4B1C29B096AA006608BF /* Release */,
			);
			defaultConfigurationIsVisible = 0;
			defaultConfigurationName = Release;
		};
/* End XCConfigurationList section */

/* Begin XCRemoteSwiftPackageReference section */
		38D9A22529B779F800FA3F9C /* XCRemoteSwiftPackageReference "Kingfisher" */ = {
			isa = XCRemoteSwiftPackageReference;
			repositoryURL = "https://github.com/onevcat/Kingfisher.git";
			requirement = {
				kind = upToNextMajorVersion;
				minimumVersion = 7.0.0;
			};
		};
/* End XCRemoteSwiftPackageReference section */

/* Begin XCSwiftPackageProductDependency section */
		38D9A22629B779F800FA3F9C /* Kingfisher */ = {
			isa = XCSwiftPackageProductDependency;
			package = 38D9A22529B779F800FA3F9C /* XCRemoteSwiftPackageReference "Kingfisher" */;
			productName = Kingfisher;
		};
/* End XCSwiftPackageProductDependency section */
	};
	rootObject = 380B4AFE29B096A9006608BF /* Project object */;
}
